// !$*UTF8*$!
{
	archiveVersion = 1;
	classes = {
	};
	objectVersion = 50;
	objects = {

/* Begin PBXBuildFile section */
		2D539C182401B43500520D22 /* AppDelegate.swift in Sources */ = {isa = PBXBuildFile; fileRef = 2D539C172401B43500520D22 /* AppDelegate.swift */; };
		2D539C1A2401B43500520D22 /* SceneDelegate.swift in Sources */ = {isa = PBXBuildFile; fileRef = 2D539C192401B43500520D22 /* SceneDelegate.swift */; };
		2D539C1C2401B43500520D22 /* ContentView.swift in Sources */ = {isa = PBXBuildFile; fileRef = 2D539C1B2401B43500520D22 /* ContentView.swift */; };
		2D539C1E2401B43900520D22 /* Assets.xcassets in Resources */ = {isa = PBXBuildFile; fileRef = 2D539C1D2401B43900520D22 /* Assets.xcassets */; };
		2D539C212401B43900520D22 /* Preview Assets.xcassets in Resources */ = {isa = PBXBuildFile; fileRef = 2D539C202401B43900520D22 /* Preview Assets.xcassets */; };
		2D539C242401B43900520D22 /* LaunchScreen.storyboard in Resources */ = {isa = PBXBuildFile; fileRef = 2D539C222401B43900520D22 /* LaunchScreen.storyboard */; };
		2D539C2F2401B43900520D22 /* calculandoAreasTests.swift in Sources */ = {isa = PBXBuildFile; fileRef = 2D539C2E2401B43900520D22 /* calculandoAreasTests.swift */; };
		2D539C3A2401B43900520D22 /* calculandoAreasUITests.swift in Sources */ = {isa = PBXBuildFile; fileRef = 2D539C392401B43900520D22 /* calculandoAreasUITests.swift */; };
/* End PBXBuildFile section */

/* Begin PBXContainerItemProxy section */
		2D539C2B2401B43900520D22 /* PBXContainerItemProxy */ = {
			isa = PBXContainerItemProxy;
			containerPortal = 2D539C0C2401B43500520D22 /* Project object */;
			proxyType = 1;
			remoteGlobalIDString = 2D539C132401B43500520D22;
			remoteInfo = calculandoAreas;
		};
		2D539C362401B43900520D22 /* PBXContainerItemProxy */ = {
			isa = PBXContainerItemProxy;
			containerPortal = 2D539C0C2401B43500520D22 /* Project object */;
			proxyType = 1;
			remoteGlobalIDString = 2D539C132401B43500520D22;
			remoteInfo = calculandoAreas;
		};
/* End PBXContainerItemProxy section */

/* Begin PBXFileReference section */
		2D539C142401B43500520D22 /* calculandoAreas.app */ = {isa = PBXFileReference; explicitFileType = wrapper.application; includeInIndex = 0; path = calculandoAreas.app; sourceTree = BUILT_PRODUCTS_DIR; };
		2D539C172401B43500520D22 /* AppDelegate.swift */ = {isa = PBXFileReference; lastKnownFileType = sourcecode.swift; path = AppDelegate.swift; sourceTree = "<group>"; };
		2D539C192401B43500520D22 /* SceneDelegate.swift */ = {isa = PBXFileReference; lastKnownFileType = sourcecode.swift; path = SceneDelegate.swift; sourceTree = "<group>"; };
		2D539C1B2401B43500520D22 /* ContentView.swift */ = {isa = PBXFileReference; lastKnownFileType = sourcecode.swift; path = ContentView.swift; sourceTree = "<group>"; };
		2D539C1D2401B43900520D22 /* Assets.xcassets */ = {isa = PBXFileReference; lastKnownFileType = folder.assetcatalog; path = Assets.xcassets; sourceTree = "<group>"; };
		2D539C202401B43900520D22 /* Preview Assets.xcassets */ = {isa = PBXFileReference; lastKnownFileType = folder.assetcatalog; path = "Preview Assets.xcassets"; sourceTree = "<group>"; };
		2D539C232401B43900520D22 /* Base */ = {isa = PBXFileReference; lastKnownFileType = file.storyboard; name = Base; path = Base.lproj/LaunchScreen.storyboard; sourceTree = "<group>"; };
		2D539C252401B43900520D22 /* Info.plist */ = {isa = PBXFileReference; lastKnownFileType = text.plist.xml; path = Info.plist; sourceTree = "<group>"; };
		2D539C2A2401B43900520D22 /* calculandoAreasTests.xctest */ = {isa = PBXFileReference; explicitFileType = wrapper.cfbundle; includeInIndex = 0; path = calculandoAreasTests.xctest; sourceTree = BUILT_PRODUCTS_DIR; };
		2D539C2E2401B43900520D22 /* calculandoAreasTests.swift */ = {isa = PBXFileReference; lastKnownFileType = sourcecode.swift; path = calculandoAreasTests.swift; sourceTree = "<group>"; };
		2D539C302401B43900520D22 /* Info.plist */ = {isa = PBXFileReference; lastKnownFileType = text.plist.xml; path = Info.plist; sourceTree = "<group>"; };
		2D539C352401B43900520D22 /* calculandoAreasUITests.xctest */ = {isa = PBXFileReference; explicitFileType = wrapper.cfbundle; includeInIndex = 0; path = calculandoAreasUITests.xctest; sourceTree = BUILT_PRODUCTS_DIR; };
		2D539C392401B43900520D22 /* calculandoAreasUITests.swift */ = {isa = PBXFileReference; lastKnownFileType = sourcecode.swift; path = calculandoAreasUITests.swift; sourceTree = "<group>"; };
		2D539C3B2401B43900520D22 /* Info.plist */ = {isa = PBXFileReference; lastKnownFileType = text.plist.xml; path = Info.plist; sourceTree = "<group>"; };
/* End PBXFileReference section */

/* Begin PBXFrameworksBuildPhase section */
		2D539C112401B43500520D22 /* Frameworks */ = {
			isa = PBXFrameworksBuildPhase;
			buildActionMask = 2147483647;
			files = (
			);
			runOnlyForDeploymentPostprocessing = 0;
		};
		2D539C272401B43900520D22 /* Frameworks */ = {
			isa = PBXFrameworksBuildPhase;
			buildActionMask = 2147483647;
			files = (
			);
			runOnlyForDeploymentPostprocessing = 0;
		};
		2D539C322401B43900520D22 /* Frameworks */ = {
			isa = PBXFrameworksBuildPhase;
			buildActionMask = 2147483647;
			files = (
			);
			runOnlyForDeploymentPostprocessing = 0;
		};
/* End PBXFrameworksBuildPhase section */

/* Begin PBXGroup section */
		2D539C0B2401B43500520D22 = {
			isa = PBXGroup;
			children = (
				2D539C162401B43500520D22 /* calculandoAreas */,
				2D539C2D2401B43900520D22 /* calculandoAreasTests */,
				2D539C382401B43900520D22 /* calculandoAreasUITests */,
				2D539C152401B43500520D22 /* Products */,
			);
			sourceTree = "<group>";
		};
		2D539C152401B43500520D22 /* Products */ = {
			isa = PBXGroup;
			children = (
				2D539C142401B43500520D22 /* calculandoAreas.app */,
				2D539C2A2401B43900520D22 /* calculandoAreasTests.xctest */,
				2D539C352401B43900520D22 /* calculandoAreasUITests.xctest */,
			);
			name = Products;
			sourceTree = "<group>";
		};
		2D539C162401B43500520D22 /* calculandoAreas */ = {
			isa = PBXGroup;
			children = (
				2D539C172401B43500520D22 /* AppDelegate.swift */,
				2D539C192401B43500520D22 /* SceneDelegate.swift */,
				2D539C1B2401B43500520D22 /* ContentView.swift */,
				2D539C1D2401B43900520D22 /* Assets.xcassets */,
				2D539C222401B43900520D22 /* LaunchScreen.storyboard */,
				2D539C252401B43900520D22 /* Info.plist */,
				2D539C1F2401B43900520D22 /* Preview Content */,
			);
			path = calculandoAreas;
			sourceTree = "<group>";
		};
		2D539C1F2401B43900520D22 /* Preview Content */ = {
			isa = PBXGroup;
			children = (
				2D539C202401B43900520D22 /* Preview Assets.xcassets */,
			);
			path = "Preview Content";
			sourceTree = "<group>";
		};
		2D539C2D2401B43900520D22 /* calculandoAreasTests */ = {
			isa = PBXGroup;
			children = (
				2D539C2E2401B43900520D22 /* calculandoAreasTests.swift */,
				2D539C302401B43900520D22 /* Info.plist */,
			);
			path = calculandoAreasTests;
			sourceTree = "<group>";
		};
		2D539C382401B43900520D22 /* calculandoAreasUITests */ = {
			isa = PBXGroup;
			children = (
				2D539C392401B43900520D22 /* calculandoAreasUITests.swift */,
				2D539C3B2401B43900520D22 /* Info.plist */,
			);
			path = calculandoAreasUITests;
			sourceTree = "<group>";
		};
/* End PBXGroup section */

/* Begin PBXNativeTarget section */
		2D539C132401B43500520D22 /* calculandoAreas */ = {
			isa = PBXNativeTarget;
			buildConfigurationList = 2D539C3E2401B43900520D22 /* Build configuration list for PBXNativeTarget "calculandoAreas" */;
			buildPhases = (
				2D539C102401B43500520D22 /* Sources */,
				2D539C112401B43500520D22 /* Frameworks */,
				2D539C122401B43500520D22 /* Resources */,
			);
			buildRules = (
			);
			dependencies = (
			);
			name = calculandoAreas;
			productName = calculandoAreas;
			productReference = 2D539C142401B43500520D22 /* calculandoAreas.app */;
			productType = "com.apple.product-type.application";
		};
		2D539C292401B43900520D22 /* calculandoAreasTests */ = {
			isa = PBXNativeTarget;
			buildConfigurationList = 2D539C412401B43900520D22 /* Build configuration list for PBXNativeTarget "calculandoAreasTests" */;
			buildPhases = (
				2D539C262401B43900520D22 /* Sources */,
				2D539C272401B43900520D22 /* Frameworks */,
				2D539C282401B43900520D22 /* Resources */,
			);
			buildRules = (
			);
			dependencies = (
				2D539C2C2401B43900520D22 /* PBXTargetDependency */,
			);
			name = calculandoAreasTests;
			productName = calculandoAreasTests;
			productReference = 2D539C2A2401B43900520D22 /* calculandoAreasTests.xctest */;
			productType = "com.apple.product-type.bundle.unit-test";
		};
		2D539C342401B43900520D22 /* calculandoAreasUITests */ = {
			isa = PBXNativeTarget;
			buildConfigurationList = 2D539C442401B43900520D22 /* Build configuration list for PBXNativeTarget "calculandoAreasUITests" */;
			buildPhases = (
				2D539C312401B43900520D22 /* Sources */,
				2D539C322401B43900520D22 /* Frameworks */,
				2D539C332401B43900520D22 /* Resources */,
			);
			buildRules = (
			);
			dependencies = (
				2D539C372401B43900520D22 /* PBXTargetDependency */,
			);
			name = calculandoAreasUITests;
			productName = calculandoAreasUITests;
			productReference = 2D539C352401B43900520D22 /* calculandoAreasUITests.xctest */;
			productType = "com.apple.product-type.bundle.ui-testing";
		};
/* End PBXNativeTarget section */

/* Begin PBXProject section */
		2D539C0C2401B43500520D22 /* Project object */ = {
			isa = PBXProject;
			attributes = {
				LastSwiftUpdateCheck = 1130;
				LastUpgradeCheck = 1130;
				ORGANIZATIONNAME = "Laura Yaremith Damian  Padilla";
				TargetAttributes = {
					2D539C132401B43500520D22 = {
						CreatedOnToolsVersion = 11.3.1;
					};
					2D539C292401B43900520D22 = {
						CreatedOnToolsVersion = 11.3.1;
						TestTargetID = 2D539C132401B43500520D22;
					};
					2D539C342401B43900520D22 = {
						CreatedOnToolsVersion = 11.3.1;
						TestTargetID = 2D539C132401B43500520D22;
					};
				};
			};
			buildConfigurationList = 2D539C0F2401B43500520D22 /* Build configuration list for PBXProject "calculandoAreas" */;
			compatibilityVersion = "Xcode 9.3";
			developmentRegion = en;
			hasScannedForEncodings = 0;
			knownRegions = (
				en,
				Base,
			);
			mainGroup = 2D539C0B2401B43500520D22;
			productRefGroup = 2D539C152401B43500520D22 /* Products */;
			projectDirPath = "";
			projectRoot = "";
			targets = (
				2D539C132401B43500520D22 /* calculandoAreas */,
				2D539C292401B43900520D22 /* calculandoAreasTests */,
				2D539C342401B43900520D22 /* calculandoAreasUITests */,
			);
		};
/* End PBXProject section */

/* Begin PBXResourcesBuildPhase section */
		2D539C122401B43500520D22 /* Resources */ = {
			isa = PBXResourcesBuildPhase;
			buildActionMask = 2147483647;
			files = (
				2D539C242401B43900520D22 /* LaunchScreen.storyboard in Resources */,
				2D539C212401B43900520D22 /* Preview Assets.xcassets in Resources */,
				2D539C1E2401B43900520D22 /* Assets.xcassets in Resources */,
			);
			runOnlyForDeploymentPostprocessing = 0;
		};
		2D539C282401B43900520D22 /* Resources */ = {
			isa = PBXResourcesBuildPhase;
			buildActionMask = 2147483647;
			files = (
			);
			runOnlyForDeploymentPostprocessing = 0;
		};
		2D539C332401B43900520D22 /* Resources */ = {
			isa = PBXResourcesBuildPhase;
			buildActionMask = 2147483647;
			files = (
			);
			runOnlyForDeploymentPostprocessing = 0;
		};
/* End PBXResourcesBuildPhase section */

/* Begin PBXSourcesBuildPhase section */
		2D539C102401B43500520D22 /* Sources */ = {
			isa = PBXSourcesBuildPhase;
			buildActionMask = 2147483647;
			files = (
				2D539C182401B43500520D22 /* AppDelegate.swift in Sources */,
				2D539C1A2401B43500520D22 /* SceneDelegate.swift in Sources */,
				2D539C1C2401B43500520D22 /* ContentView.swift in Sources */,
			);
			runOnlyForDeploymentPostprocessing = 0;
		};
		2D539C262401B43900520D22 /* Sources */ = {
			isa = PBXSourcesBuildPhase;
			buildActionMask = 2147483647;
			files = (
				2D539C2F2401B43900520D22 /* calculandoAreasTests.swift in Sources */,
			);
			runOnlyForDeploymentPostprocessing = 0;
		};
		2D539C312401B43900520D22 /* Sources */ = {
			isa = PBXSourcesBuildPhase;
			buildActionMask = 2147483647;
			files = (
				2D539C3A2401B43900520D22 /* calculandoAreasUITests.swift in Sources */,
			);
			runOnlyForDeploymentPostprocessing = 0;
		};
/* End PBXSourcesBuildPhase section */

/* Begin PBXTargetDependency section */
		2D539C2C2401B43900520D22 /* PBXTargetDependency */ = {
			isa = PBXTargetDependency;
			target = 2D539C132401B43500520D22 /* calculandoAreas */;
			targetProxy = 2D539C2B2401B43900520D22 /* PBXContainerItemProxy */;
		};
		2D539C372401B43900520D22 /* PBXTargetDependency */ = {
			isa = PBXTargetDependency;
			target = 2D539C132401B43500520D22 /* calculandoAreas */;
			targetProxy = 2D539C362401B43900520D22 /* PBXContainerItemProxy */;
		};
/* End PBXTargetDependency section */

/* Begin PBXVariantGroup section */
		2D539C222401B43900520D22 /* LaunchScreen.storyboard */ = {
			isa = PBXVariantGroup;
			children = (
				2D539C232401B43900520D22 /* Base */,
			);
			name = LaunchScreen.storyboard;
			sourceTree = "<group>";
		};
/* End PBXVariantGroup section */

/* Begin XCBuildConfiguration section */
		2D539C3C2401B43900520D22 /* Debug */ = {
			isa = XCBuildConfiguration;
			buildSettings = {
				ALWAYS_SEARCH_USER_PATHS = NO;
				CLANG_ANALYZER_NONNULL = YES;
				CLANG_ANALYZER_NUMBER_OBJECT_CONVERSION = YES_AGGRESSIVE;
				CLANG_CXX_LANGUAGE_STANDARD = "gnu++14";
				CLANG_CXX_LIBRARY = "libc++";
				CLANG_ENABLE_MODULES = YES;
				CLANG_ENABLE_OBJC_ARC = YES;
				CLANG_ENABLE_OBJC_WEAK = YES;
				CLANG_WARN_BLOCK_CAPTURE_AUTORELEASING = YES;
				CLANG_WARN_BOOL_CONVERSION = YES;
				CLANG_WARN_COMMA = YES;
				CLANG_WARN_CONSTANT_CONVERSION = YES;
				CLANG_WARN_DEPRECATED_OBJC_IMPLEMENTATIONS = YES;
				CLANG_WARN_DIRECT_OBJC_ISA_USAGE = YES_ERROR;
				CLANG_WARN_DOCUMENTATION_COMMENTS = YES;
				CLANG_WARN_EMPTY_BODY = YES;
				CLANG_WARN_ENUM_CONVERSION = YES;
				CLANG_WARN_INFINITE_RECURSION = YES;
				CLANG_WARN_INT_CONVERSION = YES;
				CLANG_WARN_NON_LITERAL_NULL_CONVERSION = YES;
				CLANG_WARN_OBJC_IMPLICIT_RETAIN_SELF = YES;
				CLANG_WARN_OBJC_LITERAL_CONVERSION = YES;
				CLANG_WARN_OBJC_ROOT_CLASS = YES_ERROR;
				CLANG_WARN_RANGE_LOOP_ANALYSIS = YES;
				CLANG_WARN_STRICT_PROTOTYPES = YES;
				CLANG_WARN_SUSPICIOUS_MOVE = YES;
				CLANG_WARN_UNGUARDED_AVAILABILITY = YES_AGGRESSIVE;
				CLANG_WARN_UNREACHABLE_CODE = YES;
				CLANG_WARN__DUPLICATE_METHOD_MATCH = YES;
				COPY_PHASE_STRIP = NO;
				DEBUG_INFORMATION_FORMAT = dwarf;
				ENABLE_STRICT_OBJC_MSGSEND = YES;
				ENABLE_TESTABILITY = YES;
				GCC_C_LANGUAGE_STANDARD = gnu11;
				GCC_DYNAMIC_NO_PIC = NO;
				GCC_NO_COMMON_BLOCKS = YES;
				GCC_OPTIMIZATION_LEVEL = 0;
				GCC_PREPROCESSOR_DEFINITIONS = (
					"DEBUG=1",
					"$(inherited)",
				);
				GCC_WARN_64_TO_32_BIT_CONVERSION = YES;
				GCC_WARN_ABOUT_RETURN_TYPE = YES_ERROR;
				GCC_WARN_UNDECLARED_SELECTOR = YES;
				GCC_WARN_UNINITIALIZED_AUTOS = YES_AGGRESSIVE;
				GCC_WARN_UNUSED_FUNCTION = YES;
				GCC_WARN_UNUSED_VARIABLE = YES;
				IPHONEOS_DEPLOYMENT_TARGET = 13.2;
				MTL_ENABLE_DEBUG_INFO = INCLUDE_SOURCE;
				MTL_FAST_MATH = YES;
				ONLY_ACTIVE_ARCH = YES;
				SDKROOT = iphoneos;
				SWIFT_ACTIVE_COMPILATION_CONDITIONS = DEBUG;
				SWIFT_OPTIMIZATION_LEVEL = "-Onone";
			};
			name = Debug;
		};
		2D539C3D2401B43900520D22 /* Release */ = {
			isa = XCBuildConfiguration;
			buildSettings = {
				ALWAYS_SEARCH_USER_PATHS = NO;
				CLANG_ANALYZER_NONNULL = YES;
				CLANG_ANALYZER_NUMBER_OBJECT_CONVERSION = YES_AGGRESSIVE;
				CLANG_CXX_LANGUAGE_STANDARD = "gnu++14";
				CLANG_CXX_LIBRARY = "libc++";
				CLANG_ENABLE_MODULES = YES;
				CLANG_ENABLE_OBJC_ARC = YES;
				CLANG_ENABLE_OBJC_WEAK = YES;
				CLANG_WARN_BLOCK_CAPTURE_AUTORELEASING = YES;
				CLANG_WARN_BOOL_CONVERSION = YES;
				CLANG_WARN_COMMA = YES;
				CLANG_WARN_CONSTANT_CONVERSION = YES;
				CLANG_WARN_DEPRECATED_OBJC_IMPLEMENTATIONS = YES;
				CLANG_WARN_DIRECT_OBJC_ISA_USAGE = YES_ERROR;
				CLANG_WARN_DOCUMENTATION_COMMENTS = YES;
				CLANG_WARN_EMPTY_BODY = YES;
				CLANG_WARN_ENUM_CONVERSION = YES;
				CLANG_WARN_INFINITE_RECURSION = YES;
				CLANG_WARN_INT_CONVERSION = YES;
				CLANG_WARN_NON_LITERAL_NULL_CONVERSION = YES;
				CLANG_WARN_OBJC_IMPLICIT_RETAIN_SELF = YES;
				CLANG_WARN_OBJC_LITERAL_CONVERSION = YES;
				CLANG_WARN_OBJC_ROOT_CLASS = YES_ERROR;
				CLANG_WARN_RANGE_LOOP_ANALYSIS = YES;
				CLANG_WARN_STRICT_PROTOTYPES = YES;
				CLANG_WARN_SUSPICIOUS_MOVE = YES;
				CLANG_WARN_UNGUARDED_AVAILABILITY = YES_AGGRESSIVE;
				CLANG_WARN_UNREACHABLE_CODE = YES;
				CLANG_WARN__DUPLICATE_METHOD_MATCH = YES;
				COPY_PHASE_STRIP = NO;
				DEBUG_INFORMATION_FORMAT = "dwarf-with-dsym";
				ENABLE_NS_ASSERTIONS = NO;
				ENABLE_STRICT_OBJC_MSGSEND = YES;
				GCC_C_LANGUAGE_STANDARD = gnu11;
				GCC_NO_COMMON_BLOCKS = YES;
				GCC_WARN_64_TO_32_BIT_CONVERSION = YES;
				GCC_WARN_ABOUT_RETURN_TYPE = YES_ERROR;
				GCC_WARN_UNDECLARED_SELECTOR = YES;
				GCC_WARN_UNINITIALIZED_AUTOS = YES_AGGRESSIVE;
				GCC_WARN_UNUSED_FUNCTION = YES;
				GCC_WARN_UNUSED_VARIABLE = YES;
				IPHONEOS_DEPLOYMENT_TARGET = 13.2;
				MTL_ENABLE_DEBUG_INFO = NO;
				MTL_FAST_MATH = YES;
				SDKROOT = iphoneos;
				SWIFT_COMPILATION_MODE = wholemodule;
				SWIFT_OPTIMIZATION_LEVEL = "-O";
				VALIDATE_PRODUCT = YES;
			};
			name = Release;
		};
		2D539C3F2401B43900520D22 /* Debug */ = {
			isa = XCBuildConfiguration;
			buildSettings = {
				ASSETCATALOG_COMPILER_APPICON_NAME = AppIcon;
				CODE_SIGN_STYLE = Automatic;
				DEVELOPMENT_ASSET_PATHS = "\"calculandoAreas/Preview Content\"";
				DEVELOPMENT_TEAM = 28378W8Y99;
				ENABLE_PREVIEWS = YES;
				INFOPLIST_FILE = calculandoAreas/Info.plist;
				LD_RUNPATH_SEARCH_PATHS = (
					"$(inherited)",
					"@executable_path/Frameworks",
				);
				PRODUCT_BUNDLE_IDENTIFIER = mx.edu.delasalle.calculandoAreas;
				PRODUCT_NAME = "$(TARGET_NAME)";
				SWIFT_VERSION = 5.0;
				TARGETED_DEVICE_FAMILY = "1,2";
			};
			name = Debug;
		};
		2D539C402401B43900520D22 /* Release */ = {
			isa = XCBuildConfiguration;
			buildSettings = {
				ASSETCATALOG_COMPILER_APPICON_NAME = AppIcon;
				CODE_SIGN_STYLE = Automatic;
				DEVELOPMENT_ASSET_PATHS = "\"calculandoAreas/Preview Content\"";
				DEVELOPMENT_TEAM = 28378W8Y99;
				ENABLE_PREVIEWS = YES;
				INFOPLIST_FILE = calculandoAreas/Info.plist;
				LD_RUNPATH_SEARCH_PATHS = (
					"$(inherited)",
					"@executable_path/Frameworks",
				);
				PRODUCT_BUNDLE_IDENTIFIER = mx.edu.delasalle.calculandoAreas;
				PRODUCT_NAME = "$(TARGET_NAME)";
				SWIFT_VERSION = 5.0;
				TARGETED_DEVICE_FAMILY = "1,2";
			};
			name = Release;
		};
		2D539C422401B43900520D22 /* Debug */ = {
			isa = XCBuildConfiguration;
			buildSettings = {
				ALWAYS_EMBED_SWIFT_STANDARD_LIBRARIES = YES;
				BUNDLE_LOADER = "$(TEST_HOST)";
				CODE_SIGN_STYLE = Automatic;
				DEVELOPMENT_TEAM = 28378W8Y99;
				INFOPLIST_FILE = calculandoAreasTests/Info.plist;
				IPHONEOS_DEPLOYMENT_TARGET = 13.2;
				LD_RUNPATH_SEARCH_PATHS = (
					"$(inherited)",
					"@executable_path/Frameworks",
					"@loader_path/Frameworks",
				);
				PRODUCT_BUNDLE_IDENTIFIER = mx.edu.delasalle.calculandoAreasTests;
				PRODUCT_NAME = "$(TARGET_NAME)";
				SWIFT_VERSION = 5.0;
				TARGETED_DEVICE_FAMILY = "1,2";
				TEST_HOST = "$(BUILT_PRODUCTS_DIR)/calculandoAreas.app/calculandoAreas";
			};
			name = Debug;
		};
		2D539C432401B43900520D22 /* Release */ = {
			isa = XCBuildConfiguration;
			buildSettings = {
				ALWAYS_EMBED_SWIFT_STANDARD_LIBRARIES = YES;
				BUNDLE_LOADER = "$(TEST_HOST)";
				CODE_SIGN_STYLE = Automatic;
				DEVELOPMENT_TEAM = 28378W8Y99;
				INFOPLIST_FILE = calculandoAreasTests/Info.plist;
				IPHONEOS_DEPLOYMENT_TARGET = 13.2;
				LD_RUNPATH_SEARCH_PATHS = (
					"$(inherited)",
					"@executable_path/Frameworks",
					"@loader_path/Frameworks",
				);
				PRODUCT_BUNDLE_IDENTIFIER = mx.edu.delasalle.calculandoAreasTests;
				PRODUCT_NAME = "$(TARGET_NAME)";
				SWIFT_VERSION = 5.0;
				TARGETED_DEVICE_FAMILY = "1,2";
				TEST_HOST = "$(BUILT_PRODUCTS_DIR)/calculandoAreas.app/calculandoAreas";
			};
			name = Release;
		};
		2D539C452401B43900520D22 /* Debug */ = {
			isa = XCBuildConfiguration;
			buildSettings = {
				ALWAYS_EMBED_SWIFT_STANDARD_LIBRARIES = YES;
				CODE_SIGN_STYLE = Automatic;
				DEVELOPMENT_TEAM = 28378W8Y99;
				INFOPLIST_FILE = calculandoAreasUITests/Info.plist;
				LD_RUNPATH_SEARCH_PATHS = (
					"$(inherited)",
					"@executable_path/Frameworks",
					"@loader_path/Frameworks",
				);
				PRODUCT_BUNDLE_IDENTIFIER = mx.edu.delasalle.calculandoAreasUITests;
				PRODUCT_NAME = "$(TARGET_NAME)";
				SWIFT_VERSION = 5.0;
				TARGETED_DEVICE_FAMILY = "1,2";
				TEST_TARGET_NAME = calculandoAreas;
			};
			name = Debug;
		};
		2D539C462401B43900520D22 /* Release */ = {
			isa = XCBuildConfiguration;
			buildSettings = {
				ALWAYS_EMBED_SWIFT_STANDARD_LIBRARIES = YES;
				CODE_SIGN_STYLE = Automatic;
				DEVELOPMENT_TEAM = 28378W8Y99;
				INFOPLIST_FILE = calculandoAreasUITests/Info.plist;
				LD_RUNPATH_SEARCH_PATHS = (
					"$(inherited)",
					"@executable_path/Frameworks",
					"@loader_path/Frameworks",
				);
				PRODUCT_BUNDLE_IDENTIFIER = mx.edu.delasalle.calculandoAreasUITests;
				PRODUCT_NAME = "$(TARGET_NAME)";
				SWIFT_VERSION = 5.0;
				TARGETED_DEVICE_FAMILY = "1,2";
				TEST_TARGET_NAME = calculandoAreas;
			};
			name = Release;
		};
/* End XCBuildConfiguration section */

/* Begin XCConfigurationList section */
		2D539C0F2401B43500520D22 /* Build configuration list for PBXProject "calculandoAreas" */ = {
			isa = XCConfigurationList;
			buildConfigurations = (
				2D539C3C2401B43900520D22 /* Debug */,
				2D539C3D2401B43900520D22 /* Release */,
			);
			defaultConfigurationIsVisible = 0;
			defaultConfigurationName = Release;
		};
		2D539C3E2401B43900520D22 /* Build configuration list for PBXNativeTarget "calculandoAreas" */ = {
			isa = XCConfigurationList;
			buildConfigurations = (
				2D539C3F2401B43900520D22 /* Debug */,
				2D539C402401B43900520D22 /* Release */,
			);
			defaultConfigurationIsVisible = 0;
			defaultConfigurationName = Release;
		};
		2D539C412401B43900520D22 /* Build configuration list for PBXNativeTarget "calculandoAreasTests" */ = {
			isa = XCConfigurationList;
			buildConfigurations = (
				2D539C422401B43900520D22 /* Debug */,
				2D539C432401B43900520D22 /* Release */,
			);
			defaultConfigurationIsVisible = 0;
			defaultConfigurationName = Release;
		};
		2D539C442401B43900520D22 /* Build configuration list for PBXNativeTarget "calculandoAreasUITests" */ = {
			isa = XCConfigurationList;
			buildConfigurations = (
				2D539C452401B43900520D22 /* Debug */,
				2D539C462401B43900520D22 /* Release */,
			);
			defaultConfigurationIsVisible = 0;
			defaultConfigurationName = Release;
		};
/* End XCConfigurationList section */
	};
	rootObject = 2D539C0C2401B43500520D22 /* Project object */;
}
